// !$*UTF8*$!
{
	archiveVersion = 1;
	classes = {
	};
	objectVersion = 46;
	objects = {

/* Begin PBXBuildFile section */
		835A5A381CB56C5B00DADB4A /* AppDelegate.swift in Sources */ = {isa = PBXBuildFile; fileRef = 835A5A371CB56C5B00DADB4A /* AppDelegate.swift */; };
		835A5A3A1CB56C5B00DADB4A /* ViewController.swift in Sources */ = {isa = PBXBuildFile; fileRef = 835A5A391CB56C5B00DADB4A /* ViewController.swift */; };
		835A5A3D1CB56C5B00DADB4A /* Main.storyboard in Resources */ = {isa = PBXBuildFile; fileRef = 835A5A3B1CB56C5B00DADB4A /* Main.storyboard */; };
		835A5A3F1CB56C5B00DADB4A /* Assets.xcassets in Resources */ = {isa = PBXBuildFile; fileRef = 835A5A3E1CB56C5B00DADB4A /* Assets.xcassets */; };
		835A5A421CB56C5B00DADB4A /* LaunchScreen.storyboard in Resources */ = {isa = PBXBuildFile; fileRef = 835A5A401CB56C5B00DADB4A /* LaunchScreen.storyboard */; };
		835A5A4B1CB56C8C00DADB4A /* HUD.swift in Sources */ = {isa = PBXBuildFile; fileRef = 835A5A4A1CB56C8C00DADB4A /* HUD.swift */; };
/* End PBXBuildFile section */

/* Begin PBXFileReference section */
		835A5A341CB56C5B00DADB4A /* HUDExample.app */ = {isa = PBXFileReference; explicitFileType = wrapper.application; includeInIndex = 0; path = HUDExample.app; sourceTree = BUILT_PRODUCTS_DIR; };
		835A5A371CB56C5B00DADB4A /* AppDelegate.swift */ = {isa = PBXFileReference; lastKnownFileType = sourcecode.swift; path = AppDelegate.swift; sourceTree = "<group>"; };
		835A5A391CB56C5B00DADB4A /* ViewController.swift */ = {isa = PBXFileReference; lastKnownFileType = sourcecode.swift; path = ViewController.swift; sourceTree = "<group>"; };
		835A5A3C1CB56C5B00DADB4A /* Base */ = {isa = PBXFileReference; lastKnownFileType = file.storyboard; name = Base; path = Base.lproj/Main.storyboard; sourceTree = "<group>"; };
		835A5A3E1CB56C5B00DADB4A /* Assets.xcassets */ = {isa = PBXFileReference; lastKnownFileType = folder.assetcatalog; path = Assets.xcassets; sourceTree = "<group>"; };
		835A5A411CB56C5B00DADB4A /* Base */ = {isa = PBXFileReference; lastKnownFileType = file.storyboard; name = Base; path = Base.lproj/LaunchScreen.storyboard; sourceTree = "<group>"; };
		835A5A431CB56C5B00DADB4A /* Info.plist */ = {isa = PBXFileReference; lastKnownFileType = text.plist.xml; path = Info.plist; sourceTree = "<group>"; };
		835A5A4A1CB56C8C00DADB4A /* HUD.swift */ = {isa = PBXFileReference; fileEncoding = 4; lastKnownFileType = sourcecode.swift; path = HUD.swift; sourceTree = "<group>"; };
/* End PBXFileReference section */

/* Begin PBXFrameworksBuildPhase section */
		835A5A311CB56C5B00DADB4A /* Frameworks */ = {
			isa = PBXFrameworksBuildPhase;
			buildActionMask = 2147483647;
			files = (
			);
			runOnlyForDeploymentPostprocessing = 0;
		};
/* End PBXFrameworksBuildPhase section */

/* Begin PBXGroup section */
		835A5A2B1CB56C5B00DADB4A = {
			isa = PBXGroup;
			children = (
				835A5A491CB56C8C00DADB4A /* HUD */,
				835A5A361CB56C5B00DADB4A /* HUDExample */,
				835A5A351CB56C5B00DADB4A /* Products */,
			);
			sourceTree = "<group>";
		};
		835A5A351CB56C5B00DADB4A /* Products */ = {
			isa = PBXGroup;
			children = (
				835A5A341CB56C5B00DADB4A /* HUDExample.app */,
			);
			name = Products;
			sourceTree = "<group>";
		};
		835A5A361CB56C5B00DADB4A /* HUDExample */ = {
			isa = PBXGroup;
			children = (
				835A5A371CB56C5B00DADB4A /* AppDelegate.swift */,
				835A5A391CB56C5B00DADB4A /* ViewController.swift */,
				835A5A3B1CB56C5B00DADB4A /* Main.storyboard */,
				835A5A3E1CB56C5B00DADB4A /* Assets.xcassets */,
				835A5A401CB56C5B00DADB4A /* LaunchScreen.storyboard */,
				835A5A431CB56C5B00DADB4A /* Info.plist */,
			);
			path = HUDExample;
			sourceTree = "<group>";
		};
		835A5A491CB56C8C00DADB4A /* HUD */ = {
			isa = PBXGroup;
			children = (
				835A5A4A1CB56C8C00DADB4A /* HUD.swift */,
			);
			path = HUD;
			sourceTree = "<group>";
		};
/* End PBXGroup section */

/* Begin PBXNativeTarget section */
		835A5A331CB56C5B00DADB4A /* HUDExample */ = {
			isa = PBXNativeTarget;
			buildConfigurationList = 835A5A461CB56C5B00DADB4A /* Build configuration list for PBXNativeTarget "HUDExample" */;
			buildPhases = (
				835A5A301CB56C5B00DADB4A /* Sources */,
				835A5A311CB56C5B00DADB4A /* Frameworks */,
				835A5A321CB56C5B00DADB4A /* Resources */,
			);
			buildRules = (
			);
			dependencies = (
			);
			name = HUDExample;
			productName = HUDExample;
			productReference = 835A5A341CB56C5B00DADB4A /* HUDExample.app */;
			productType = "com.apple.product-type.application";
		};
/* End PBXNativeTarget section */

/* Begin PBXProject section */
		835A5A2C1CB56C5B00DADB4A /* Project object */ = {
			isa = PBXProject;
			attributes = {
				LastSwiftUpdateCheck = 0730;
				LastUpgradeCheck = 0830;
				ORGANIZATIONNAME = Chakery;
				TargetAttributes = {
					835A5A331CB56C5B00DADB4A = {
						CreatedOnToolsVersion = 7.3;
						DevelopmentTeam = 476N92MP39;
						LastSwiftMigration = 0800;
					};
				};
			};
			buildConfigurationList = 835A5A2F1CB56C5B00DADB4A /* Build configuration list for PBXProject "HUDExample" */;
			compatibilityVersion = "Xcode 3.2";
			developmentRegion = English;
			hasScannedForEncodings = 0;
			knownRegions = (
				en,
				Base,
			);
			mainGroup = 835A5A2B1CB56C5B00DADB4A;
			productRefGroup = 835A5A351CB56C5B00DADB4A /* Products */;
			projectDirPath = "";
			projectRoot = "";
			targets = (
				835A5A331CB56C5B00DADB4A /* HUDExample */,
			);
		};
/* End PBXProject section */

/* Begin PBXResourcesBuildPhase section */
		835A5A321CB56C5B00DADB4A /* Resources */ = {
			isa = PBXResourcesBuildPhase;
			buildActionMask = 2147483647;
			files = (
				835A5A421CB56C5B00DADB4A /* LaunchScreen.storyboard in Resources */,
				835A5A3F1CB56C5B00DADB4A /* Assets.xcassets in Resources */,
				835A5A3D1CB56C5B00DADB4A /* Main.storyboard in Resources */,
			);
			runOnlyForDeploymentPostprocessing = 0;
		};
/* End PBXResourcesBuildPhase section */

/* Begin PBXSourcesBuildPhase section */
		835A5A301CB56C5B00DADB4A /* Sources */ = {
			isa = PBXSourcesBuildPhase;
			buildActionMask = 2147483647;
			files = (
				835A5A4B1CB56C8C00DADB4A /* HUD.swift in Sources */,
				835A5A3A1CB56C5B00DADB4A /* ViewController.swift in Sources */,
				835A5A381CB56C5B00DADB4A /* AppDelegate.swift in Sources */,
			);
			runOnlyForDeploymentPostprocessing = 0;
		};
/* End PBXSourcesBuildPhase section */

/* Begin PBXVariantGroup section */
		835A5A3B1CB56C5B00DADB4A /* Main.storyboard */ = {
			isa = PBXVariantGroup;
			children = (
				835A5A3C1CB56C5B00DADB4A /* Base */,
			);
			name = Main.storyboard;
			sourceTree = "<group>";
		};
		835A5A401CB56C5B00DADB4A /* LaunchScreen.storyboard */ = {
			isa = PBXVariantGroup;
			children = (
				835A5A411CB56C5B00DADB4A /* Base */,
			);
			name = LaunchScreen.storyboard;
			sourceTree = "<group>";
		};
/* End PBXVariantGroup section */

/* Begin XCBuildConfiguration section */
		835A5A441CB56C5B00DADB4A /* Debug */ = {
			isa = XCBuildConfiguration;
			buildSettings = {
				ALWAYS_SEARCH_USER_PATHS = NO;
				CLANG_ANALYZER_NONNULL = YES;
				CLANG_CXX_LANGUAGE_STANDARD = "gnu++0x";
				CLANG_CXX_LIBRARY = "libc++";
				CLANG_ENABLE_MODULES = YES;
				CLANG_ENABLE_OBJC_ARC = YES;
				CLANG_WARN_BOOL_CONVERSION = YES;
				CLANG_WARN_CONSTANT_CONVERSION = YES;
				CLANG_WARN_DIRECT_OBJC_ISA_USAGE = YES_ERROR;
				CLANG_WARN_EMPTY_BODY = YES;
				CLANG_WARN_ENUM_CONVERSION = YES;
				CLANG_WARN_INFINITE_RECURSION = YES;
				CLANG_WARN_INT_CONVERSION = YES;
				CLANG_WARN_OBJC_ROOT_CLASS = YES_ERROR;
				CLANG_WARN_SUSPICIOUS_MOVE = YES;
				CLANG_WARN_UNREACHABLE_CODE = YES;
				CLANG_WARN__DUPLICATE_METHOD_MATCH = YES;
				"CODE_SIGN_IDENTITY[sdk=iphoneos*]" = "iPhone Developer";
				COPY_PHASE_STRIP = NO;
				DEBUG_INFORMATION_FORMAT = dwarf;
				ENABLE_STRICT_OBJC_MSGSEND = YES;
				ENABLE_TESTABILITY = YES;
				GCC_C_LANGUAGE_STANDARD = gnu99;
				GCC_DYNAMIC_NO_PIC = NO;
				GCC_NO_COMMON_BLOCKS = YES;
				GCC_OPTIMIZATION_LEVEL = 0;
				GCC_PREPROCESSOR_DEFINITIONS = (
					"DEBUG=1",
					"$(inherited)",
				);
				GCC_WARN_64_TO_32_BIT_CONVERSION = YES;
				GCC_WARN_ABOUT_RETURN_TYPE = YES_ERROR;
				GCC_WARN_UNDECLARED_SELECTOR = YES;
				GCC_WARN_UNINITIALIZED_AUTOS = YES_AGGRESSIVE;
				GCC_WARN_UNUSED_FUNCTION = YES;
				GCC_WARN_UNUSED_VARIABLE = YES;
				IPHONEOS_DEPLOYMENT_TARGET = 9.3;
				MTL_ENABLE_DEBUG_INFO = YES;
				ONLY_ACTIVE_ARCH = YES;
				SDKROOT = iphoneos;
				SWIFT_OPTIMIZATION_LEVEL = "-Onone";
				SWIFT_VERSION = 3.0;
			};
			name = Debug;
		};
		835A5A451CB56C5B00DADB4A /* Release */ = {
			isa = XCBuildConfiguration;
			buildSettings = {
				ALWAYS_SEARCH_USER_PATHS = NO;
				CLANG_ANALYZER_NONNULL = YES;
				CLANG_CXX_LANGUAGE_STANDARD = "gnu++0x";
				CLANG_CXX_LIBRARY = "libc++";
				CLANG_ENABLE_MODULES = YES;
				CLANG_ENABLE_OBJC_ARC = YES;
				CLANG_WARN_BOOL_CONVERSION = YES;
				CLANG_WARN_CONSTANT_CONVERSION = YES;
				CLANG_WARN_DIRECT_OBJC_ISA_USAGE = YES_ERROR;
				CLANG_WARN_EMPTY_BODY = YES;
				CLANG_WARN_ENUM_CONVERSION = YES;
				CLANG_WARN_INFINITE_RECURSION = YES;
				CLANG_WARN_INT_CONVERSION = YES;
				CLANG_WARN_OBJC_ROOT_CLASS = YES_ERROR;
				CLANG_WARN_SUSPICIOUS_MOVE = YES;
				CLANG_WARN_UNREACHABLE_CODE = YES;
				CLANG_WARN__DUPLICATE_METHOD_MATCH = YES;
				"CODE_SIGN_IDENTITY[sdk=iphoneos*]" = "iPhone Developer";
				COPY_PHASE_STRIP = NO;
				DEBUG_INFORMATION_FORMAT = "dwarf-with-dsym";
				ENABLE_NS_ASSERTIONS = NO;
				ENABLE_STRICT_OBJC_MSGSEND = YES;
				GCC_C_LANGUAGE_STANDARD = gnu99;
				GCC_NO_COMMON_BLOCKS = YES;
				GCC_WARN_64_TO_32_BIT_CONVERSION = YES;
				GCC_WARN_ABOUT_RETURN_TYPE = YES_ERROR;
				GCC_WARN_UNDECLARED_SELECTOR = YES;
				GCC_WARN_UNINITIALIZED_AUTOS = YES_AGGRESSIVE;
				GCC_WARN_UNUSED_FUNCTION = YES;
				GCC_WARN_UNUSED_VARIABLE = YES;
				IPHONEOS_DEPLOYMENT_TARGET = 9.3;
				MTL_ENABLE_DEBUG_INFO = NO;
				SDKROOT = iphoneos;
				SWIFT_OPTIMIZATION_LEVEL = "-Owholemodule";
				SWIFT_VERSION = 3.0;
				VALIDATE_PRODUCT = YES;
			};
			name = Release;
		};
		835A5A471CB56C5B00DADB4A /* Debug */ = {
			isa = XCBuildConfiguration;
			buildSettings = {
				ASSETCATALOG_COMPILER_APPICON_NAME = AppIcon;
				INFOPLIST_FILE = HUDExample/Info.plist;
				IPHONEOS_DEPLOYMENT_TARGET = 8.0;
				LD_RUNPATH_SEARCH_PATHS = "$(inherited) @executable_path/Frameworks";
				PRODUCT_BUNDLE_IDENTIFIER = com.ccggyy.qq;
				PRODUCT_NAME = "$(TARGET_NAME)";
				SWIFT_VERSION = 3.0;
				TARGETED_DEVICE_FAMILY = "1,2";
			};
			name = Debug;
		};
		835A5A481CB56C5B00DADB4A /* Release */ = {
			isa = XCBuildConfiguration;
			buildSettings = {
				ASSETCATALOG_COMPILER_APPICON_NAME = AppIcon;
				INFOPLIST_FILE = HUDExample/Info.plist;
				IPHONEOS_DEPLOYMENT_TARGET = 8.0;
				LD_RUNPATH_SEARCH_PATHS = "$(inherited) @executable_path/Frameworks";
				PRODUCT_BUNDLE_IDENTIFIER = com.ccggyy.qq;
				PRODUCT_NAME = "$(TARGET_NAME)";
				SWIFT_VERSION = 3.0;
				TARGETED_DEVICE_FAMILY = "1,2";
			};
			name = Release;
		};
/* End XCBuildConfiguration section */

/* Begin XCConfigurationList section */
		835A5A2F1CB56C5B00DADB4A /* Build configuration list for PBXProject "HUDExample" */ = {
			isa = XCConfigurationList;
			buildConfigurations = (
				835A5A441CB56C5B00DADB4A /* Debug */,
				835A5A451CB56C5B00DADB4A /* Release */,
			);
			defaultConfigurationIsVisible = 0;
			defaultConfigurationName = Release;
		};
		835A5A461CB56C5B00DADB4A /* Build configuration list for PBXNativeTarget "HUDExample" */ = {
			isa = XCConfigurationList;
			buildConfigurations = (
				835A5A471CB56C5B00DADB4A /* Debug */,
				835A5A481CB56C5B00DADB4A /* Release */,
			);
			defaultConfigurationIsVisible = 0;
			defaultConfigurationName = Release;
		};
/* End XCConfigurationList section */
	};
	rootObject = 835A5A2C1CB56C5B00DADB4A /* Project object */;
}
